
Microsoft Visual Studio Solution File, Format Version 12.00
# Visual Studio Version 17
VisualStudioVersion = 17.3.32901.215
MinimumVisualStudioVersion = 10.0.40219.1
Project("{FAE04EC0-301F-11D3-BF4B-00C04F79EFBC}") = "every_levels", "every_levels.csproj", "{A1EFDD49-5D8D-43CB-B8C0-C9929799124A}"
EndProject
Global
	GlobalSection(SolutionConfigurationPlatforms) = preSolution
		Debug|Any CPU = Debug|Any CPU
		Release|Any CPU = Release|Any CPU
	EndGlobalSection
	GlobalSection(ProjectConfigurationPlatforms) = postSolution
		{A1EFDD49-5D8D-43CB-B8C0-C9929799124A}.Debug|Any CPU.ActiveCfg = Debug|Any CPU
		{A1EFDD49-5D8D-43CB-B8C0-C9929799124A}.Debug|Any CPU.Build.0 = Debug|Any CPU
		{A1EFDD49-5D8D-43CB-B8C0-C9929799124A}.Release|Any CPU.ActiveCfg = Release|Any CPU
		{A1EFDD49-5D8D-43CB-B8C0-C9929799124A}.Release|Any CPU.Build.0 = Release|Any CPU
	EndGlobalSection
	GlobalSection(SolutionProperties) = preSolution
		HideSolutionNode = FALSE
	EndGlobalSection
	GlobalSection(ExtensibilityGlobals) = postSolution
		SolutionGuid = {0CDD4440-9EF7-4775-B77F-D54A3114A660}
	EndGlobalSection
EndGlobal
