
Microsoft Visual Studio Solution File, Format Version 12.00
# Visual Studio Version 17
VisualStudioVersion = 17.1.32328.378
MinimumVisualStudioVersion = 10.0.40219.1
Project("{9A19103F-16F7-4668-BE54-9A1E7A4F7556}") = "Counting-sort", "Counting-sort\Counting-sort.csproj", "{FFC36DFE-6A66-49BD-B44D-3D4736BDCC25}"
EndProject
Global
	GlobalSection(SolutionConfigurationPlatforms) = preSolution
		Debug|Any CPU = Debug|Any CPU
		Release|Any CPU = Release|Any CPU
	EndGlobalSection
	GlobalSection(ProjectConfigurationPlatforms) = postSolution
		{FFC36DFE-6A66-49BD-B44D-3D4736BDCC25}.Debug|Any CPU.ActiveCfg = Debug|Any CPU
		{FFC36DFE-6A66-49BD-B44D-3D4736BDCC25}.Debug|Any CPU.Build.0 = Debug|Any CPU
		{FFC36DFE-6A66-49BD-B44D-3D4736BDCC25}.Release|Any CPU.ActiveCfg = Release|Any CPU
		{FFC36DFE-6A66-49BD-B44D-3D4736BDCC25}.Release|Any CPU.Build.0 = Release|Any CPU
	EndGlobalSection
	GlobalSection(SolutionProperties) = preSolution
		HideSolutionNode = FALSE
	EndGlobalSection
	GlobalSection(ExtensibilityGlobals) = postSolution
		SolutionGuid = {BD63E2C8-1BFD-48EB-9E9E-86CD203C6F38}
	EndGlobalSection
EndGlobal
