
Microsoft Visual Studio Solution File, Format Version 12.00
# Visual Studio Version 17
VisualStudioVersion = 17.3.32901.215
MinimumVisualStudioVersion = 10.0.40219.1
Project("{9A19103F-16F7-4668-BE54-9A1E7A4F7556}") = "binary-tree-iterative", "binary-tree-iterative\binary-tree-iterative.csproj", "{66E3A018-B2D5-463A-9C9E-AF1A577B527B}"
EndProject
Global
	GlobalSection(SolutionConfigurationPlatforms) = preSolution
		Debug|Any CPU = Debug|Any CPU
		Release|Any CPU = Release|Any CPU
	EndGlobalSection
	GlobalSection(ProjectConfigurationPlatforms) = postSolution
		{66E3A018-B2D5-463A-9C9E-AF1A577B527B}.Debug|Any CPU.ActiveCfg = Debug|Any CPU
		{66E3A018-B2D5-463A-9C9E-AF1A577B527B}.Debug|Any CPU.Build.0 = Debug|Any CPU
		{66E3A018-B2D5-463A-9C9E-AF1A577B527B}.Release|Any CPU.ActiveCfg = Release|Any CPU
		{66E3A018-B2D5-463A-9C9E-AF1A577B527B}.Release|Any CPU.Build.0 = Release|Any CPU
	EndGlobalSection
	GlobalSection(SolutionProperties) = preSolution
		HideSolutionNode = FALSE
	EndGlobalSection
	GlobalSection(ExtensibilityGlobals) = postSolution
		SolutionGuid = {55E23A85-5DF4-446D-842D-C6937CAA4CD2}
	EndGlobalSection
EndGlobal
