
Microsoft Visual Studio Solution File, Format Version 12.00
# Visual Studio Version 17
VisualStudioVersion = 17.1.32328.378
MinimumVisualStudioVersion = 10.0.40219.1
Project("{9A19103F-16F7-4668-BE54-9A1E7A4F7556}") = "BackEnd", "BackEnd.csproj", "{E941D652-40FB-4E5A-9A7E-958FF52C75B0}"
EndProject
Project("{FAE04EC0-301F-11D3-BF4B-00C04F79EFBC}") = "BackEndTest", "..\BackEndTest\BackEndTest.csproj", "{FB25FCD4-A65E-4BE5-96DE-6D4329FC8AD5}"
EndProject
Global
	GlobalSection(SolutionConfigurationPlatforms) = preSolution
		Debug|Any CPU = Debug|Any CPU
		Release|Any CPU = Release|Any CPU
	EndGlobalSection
	GlobalSection(ProjectConfigurationPlatforms) = postSolution
		{E941D652-40FB-4E5A-9A7E-958FF52C75B0}.Debug|Any CPU.ActiveCfg = Debug|Any CPU
		{E941D652-40FB-4E5A-9A7E-958FF52C75B0}.Debug|Any CPU.Build.0 = Debug|Any CPU
		{E941D652-40FB-4E5A-9A7E-958FF52C75B0}.Release|Any CPU.ActiveCfg = Release|Any CPU
		{E941D652-40FB-4E5A-9A7E-958FF52C75B0}.Release|Any CPU.Build.0 = Release|Any CPU
		{FB25FCD4-A65E-4BE5-96DE-6D4329FC8AD5}.Debug|Any CPU.ActiveCfg = Debug|Any CPU
		{FB25FCD4-A65E-4BE5-96DE-6D4329FC8AD5}.Debug|Any CPU.Build.0 = Debug|Any CPU
		{FB25FCD4-A65E-4BE5-96DE-6D4329FC8AD5}.Release|Any CPU.ActiveCfg = Release|Any CPU
		{FB25FCD4-A65E-4BE5-96DE-6D4329FC8AD5}.Release|Any CPU.Build.0 = Release|Any CPU
	EndGlobalSection
	GlobalSection(SolutionProperties) = preSolution
		HideSolutionNode = FALSE
	EndGlobalSection
	GlobalSection(ExtensibilityGlobals) = postSolution
		SolutionGuid = {D0BCE336-3CA1-42F8-A8FE-9FA1B8637E40}
	EndGlobalSection
EndGlobal
